
Microsoft Visual Studio Solution File, Format Version 12.00
# Visual Studio Version 17
VisualStudioVersion = 17.6.33712.159
MinimumVisualStudioVersion = 10.0.40219.1
Project("{FAE04EC0-301F-11D3-BF4B-00C04F79EFBC}") = "humanResourceProject.Presentation", "humanResourceProject.Presentation\humanResourceProject.Presentation.csproj", "{0CFA66E0-18AA-4FED-B655-3758E8B2B945}"
EndProject
Global
	GlobalSection(SolutionConfigurationPlatforms) = preSolution
		Debug|Any CPU = Debug|Any CPU
		Release|Any CPU = Release|Any CPU
	EndGlobalSection
	GlobalSection(ProjectConfigurationPlatforms) = postSolution
		{0CFA66E0-18AA-4FED-B655-3758E8B2B945}.Debug|Any CPU.ActiveCfg = Debug|Any CPU
		{0CFA66E0-18AA-4FED-B655-3758E8B2B945}.Debug|Any CPU.Build.0 = Debug|Any CPU
		{0CFA66E0-18AA-4FED-B655-3758E8B2B945}.Release|Any CPU.ActiveCfg = Release|Any CPU
		{0CFA66E0-18AA-4FED-B655-3758E8B2B945}.Release|Any CPU.Build.0 = Release|Any CPU
	EndGlobalSection
	GlobalSection(SolutionProperties) = preSolution
		HideSolutionNode = FALSE
	EndGlobalSection
	GlobalSection(ExtensibilityGlobals) = postSolution
		SolutionGuid = {1BE7F3DC-5C95-4C83-9ADE-B94C40390679}
	EndGlobalSection
EndGlobal
