
Microsoft Visual Studio Solution File, Format Version 12.00
# Visual Studio Version 17
VisualStudioVersion = 17.6.33712.159
MinimumVisualStudioVersion = 10.0.40219.1
Project("{9A19103F-16F7-4668-BE54-9A1E7A4F7556}") = "humanResourceProject.Presentation", "humanResourceProject.Presentation\humanResourceProject.Presentation.csproj", "{0CFA66E0-18AA-4FED-B655-3758E8B2B945}"
EndProject
Project("{9A19103F-16F7-4668-BE54-9A1E7A4F7556}") = "humanResourceProject.Domain", "humanResourceProject.Domain\humanResourceProject.Domain.csproj", "{ED6FFFE4-BFEC-4B40-AC8A-CEA8160A2292}"
EndProject
Project("{9A19103F-16F7-4668-BE54-9A1E7A4F7556}") = "humanResourceProject.Infrastructure", "humanResourceProject.Infrastructure\humanResourceProject.Infrastructure.csproj", "{9543CA0F-643D-40EF-88D0-307C04CD5D82}"
EndProject
Project("{9A19103F-16F7-4668-BE54-9A1E7A4F7556}") = "humanResourceProject.Application", "humanResourceProject.Application\humanResourceProject.Application.csproj", "{7F1C7C0F-4242-40D5-8478-6CFCA34285E5}"
EndProject
Project("{9A19103F-16F7-4668-BE54-9A1E7A4F7556}") = "humanResourceProject.API", "humanResourceProject.API\humanResourceProject.API.csproj", "{C4C2383A-AF34-4D37-87B2-B9255E80EDE6}"
EndProject
Project("{9A19103F-16F7-4668-BE54-9A1E7A4F7556}") = "humanResourceProject.DTO", "humanResourceProject.DTO\humanResourceProject.DTO.csproj", "{70D96AFB-154D-4A27-BE9B-1CA077C79D65}"
EndProject
Project("{FAE04EC0-301F-11D3-BF4B-00C04F79EFBC}") = "humanResourceProject.VM", "humanResourceProject.VM\humanResourceProject.VM.csproj", "{C074FA44-C341-44B4-89E0-E0005896D8EA}"
EndProject
Global
	GlobalSection(SolutionConfigurationPlatforms) = preSolution
		Debug|Any CPU = Debug|Any CPU
		Release|Any CPU = Release|Any CPU
	EndGlobalSection
	GlobalSection(ProjectConfigurationPlatforms) = postSolution
		{0CFA66E0-18AA-4FED-B655-3758E8B2B945}.Debug|Any CPU.ActiveCfg = Debug|Any CPU
		{0CFA66E0-18AA-4FED-B655-3758E8B2B945}.Debug|Any CPU.Build.0 = Debug|Any CPU
		{0CFA66E0-18AA-4FED-B655-3758E8B2B945}.Release|Any CPU.ActiveCfg = Release|Any CPU
		{0CFA66E0-18AA-4FED-B655-3758E8B2B945}.Release|Any CPU.Build.0 = Release|Any CPU
		{ED6FFFE4-BFEC-4B40-AC8A-CEA8160A2292}.Debug|Any CPU.ActiveCfg = Debug|Any CPU
		{ED6FFFE4-BFEC-4B40-AC8A-CEA8160A2292}.Debug|Any CPU.Build.0 = Debug|Any CPU
		{ED6FFFE4-BFEC-4B40-AC8A-CEA8160A2292}.Release|Any CPU.ActiveCfg = Release|Any CPU
		{ED6FFFE4-BFEC-4B40-AC8A-CEA8160A2292}.Release|Any CPU.Build.0 = Release|Any CPU
		{9543CA0F-643D-40EF-88D0-307C04CD5D82}.Debug|Any CPU.ActiveCfg = Debug|Any CPU
		{9543CA0F-643D-40EF-88D0-307C04CD5D82}.Debug|Any CPU.Build.0 = Debug|Any CPU
		{9543CA0F-643D-40EF-88D0-307C04CD5D82}.Release|Any CPU.ActiveCfg = Release|Any CPU
		{9543CA0F-643D-40EF-88D0-307C04CD5D82}.Release|Any CPU.Build.0 = Release|Any CPU
		{7F1C7C0F-4242-40D5-8478-6CFCA34285E5}.Debug|Any CPU.ActiveCfg = Debug|Any CPU
		{7F1C7C0F-4242-40D5-8478-6CFCA34285E5}.Debug|Any CPU.Build.0 = Debug|Any CPU
		{7F1C7C0F-4242-40D5-8478-6CFCA34285E5}.Release|Any CPU.ActiveCfg = Release|Any CPU
		{7F1C7C0F-4242-40D5-8478-6CFCA34285E5}.Release|Any CPU.Build.0 = Release|Any CPU
		{C4C2383A-AF34-4D37-87B2-B9255E80EDE6}.Debug|Any CPU.ActiveCfg = Debug|Any CPU
		{C4C2383A-AF34-4D37-87B2-B9255E80EDE6}.Debug|Any CPU.Build.0 = Debug|Any CPU
		{C4C2383A-AF34-4D37-87B2-B9255E80EDE6}.Release|Any CPU.ActiveCfg = Release|Any CPU
		{C4C2383A-AF34-4D37-87B2-B9255E80EDE6}.Release|Any CPU.Build.0 = Release|Any CPU
		{70D96AFB-154D-4A27-BE9B-1CA077C79D65}.Debug|Any CPU.ActiveCfg = Debug|Any CPU
		{70D96AFB-154D-4A27-BE9B-1CA077C79D65}.Debug|Any CPU.Build.0 = Debug|Any CPU
		{70D96AFB-154D-4A27-BE9B-1CA077C79D65}.Release|Any CPU.ActiveCfg = Release|Any CPU
		{70D96AFB-154D-4A27-BE9B-1CA077C79D65}.Release|Any CPU.Build.0 = Release|Any CPU
		{C074FA44-C341-44B4-89E0-E0005896D8EA}.Debug|Any CPU.ActiveCfg = Debug|Any CPU
		{C074FA44-C341-44B4-89E0-E0005896D8EA}.Debug|Any CPU.Build.0 = Debug|Any CPU
		{C074FA44-C341-44B4-89E0-E0005896D8EA}.Release|Any CPU.ActiveCfg = Release|Any CPU
		{C074FA44-C341-44B4-89E0-E0005896D8EA}.Release|Any CPU.Build.0 = Release|Any CPU
	EndGlobalSection
	GlobalSection(SolutionProperties) = preSolution
		HideSolutionNode = FALSE
	EndGlobalSection
	GlobalSection(ExtensibilityGlobals) = postSolution
		SolutionGuid = {1BE7F3DC-5C95-4C83-9ADE-B94C40390679}
	EndGlobalSection
EndGlobal
